{
  "requires": true,
  "lockfileVersion": 1,
  "dependencies": {
    "Ascensor.js": {
      "version": "git+https://github.com/kirkas/Ascensor.js.git#f470f3d4e91fb9b99b26b948e7e8f3efd04077f9"
    },
    "aos": {
      "version": "2.2.0",
      "resolved": "https://registry.npmjs.org/aos/-/aos-2.2.0.tgz",
      "integrity": "sha512-nxVfCOSQ5yboyy99KCIe6CM+68hNwggBROgdn/P+x0p3dAgtX3JVONZ27XKm93Ol9hvTtgoCjCffZU4HEr0nZQ==",
      "requires": {
        "classlist-polyfill": "1.2.0",
        "lodash.debounce": "4.0.8",
        "lodash.throttle": "4.1.1"
      }
    },
    "async": {
      "version": "2.6.0",
      "resolved": "https://registry.npmjs.org/async/-/async-2.6.0.tgz",
      "integrity": "sha512-xAfGg1/NTLBBKlHFmnd7PlmUW9KhVQIUuSrYem9xzFUZy13ScvtyGGejaae9iAVRiRq9+Cx7DPFaAAhCpyxyPw==",
      "requires": {
        "lodash": "4.17.4"
      }
    },
    "classlist-polyfill": {
      "version": "1.2.0",
      "resolved": "https://registry.npmjs.org/classlist-polyfill/-/classlist-polyfill-1.2.0.tgz",
      "integrity": "sha1-k1vC39lFiodrJ5YXUUY4vKqWSi4="
    },
    "font-awesome": {
      "version": "4.7.0",
      "resolved": "https://registry.npmjs.org/font-awesome/-/font-awesome-4.7.0.tgz",
      "integrity": "sha1-j6jPBBGhoxr9B7BtKQK7n8gVoTM="
    },
    "fullpage.js": {
      "version": "2.9.5",
      "resolved": "https://registry.npmjs.org/fullpage.js/-/fullpage.js-2.9.5.tgz",
      "integrity": "sha1-Qg4Um4clPsaBAxnRQhl16oi13AA=",
      "requires": {
        "jquery": "3.2.1"
      },
      "dependencies": {
        "jquery": {
          "version": "3.2.1",
          "resolved": "https://registry.npmjs.org/jquery/-/jquery-3.2.1.tgz",
          "integrity": "sha1-XE2d5lKvbNCncBVKYxu6ErAVx4c="
        }
      }
    },
    "jquery": {
      "version": "3.2.1",
      "resolved": "https://registry.npmjs.org/jquery/-/jquery-3.2.1.tgz",
      "integrity": "sha1-XE2d5lKvbNCncBVKYxu6ErAVx4c="
    },
    "lodash": {
      "version": "4.17.4",
      "resolved": "https://registry.npmjs.org/lodash/-/lodash-4.17.4.tgz",
      "integrity": "sha1-eCA6TRwyiuHYbcpkYONptX9AVa4="
    },
    "lodash.debounce": {
      "version": "4.0.8",
      "resolved": "https://registry.npmjs.org/lodash.debounce/-/lodash.debounce-4.0.8.tgz",
      "integrity": "sha1-gteb/zCmfEAF/9XiUVMArZyk168="
    },
    "lodash.throttle": {
      "version": "4.1.1",
      "resolved": "https://registry.npmjs.org/lodash.throttle/-/lodash.throttle-4.1.1.tgz",
      "integrity": "sha1-wj6RtxAkKscMN/HhzaknTMOb8vQ="
    },
    "resetcss": {
      "version": "1.0.3",
      "resolved": "https://registry.npmjs.org/resetcss/-/resetcss-1.0.3.tgz",
      "integrity": "sha1-8TlgvgZyi6hEYvD1FXXcEMgFggk="
    },
    "underscore": {
      "version": "1.8.3",
      "resolved": "https://registry.npmjs.org/underscore/-/underscore-1.8.3.tgz",
      "integrity": "sha1-Tz+1OxBuYJf8+ctBCfKl6b36UCI="
    }
  }
}
