
Microsoft Visual Studio Solution File, Format Version 12.00
# Visual Studio 14
VisualStudioVersion = 14.0.25420.1
MinimumVisualStudioVersion = 10.0.40219.1
Project("{FAE04EC0-301F-11D3-BF4B-00C04F79EFBC}") = "HCMS.Web", "HCMS.Web\HCMS.Web.csproj", "{6BE0EA20-5137-44FE-801E-9F15C41422E4}"
EndProject
Project("{FAE04EC0-301F-11D3-BF4B-00C04F79EFBC}") = "HCMS.Business", "HCMS.Business\HCMS.Business.csproj", "{2C9CF062-0FF8-4084-9EF8-47869E21DB61}"
EndProject
Project("{FAE04EC0-301F-11D3-BF4B-00C04F79EFBC}") = "HCMS.Data", "HCMS.Data\HCMS.Data.csproj", "{162446DF-CA85-4696-8822-3566F96E14DF}"
EndProject
Project("{FAE04EC0-301F-11D3-BF4B-00C04F79EFBC}") = "HCMS.Dynamics", "HCMS.Dynamics\HCMS.Dynamics.csproj", "{B911F8AB-1B84-471A-B447-A295A136C7EF}"
EndProject
Project("{FAE04EC0-301F-11D3-BF4B-00C04F79EFBC}") = "HCMS.Security", "HCMS.Security\HCMS.Security.csproj", "{6E095D4B-1FCC-40CE-AF65-AB3510A96123}"
EndProject
Project("{2150E333-8FDC-42A3-9474-1A3956D46DE8}") = "Core", "Core", "{5E9E594C-E387-4D86-A4F4-1B5227DE25FF}"
EndProject
Project("{2150E333-8FDC-42A3-9474-1A3956D46DE8}") = "Web", "Web", "{ABFEBAB8-4701-44A5-A627-732938F858B6}"
EndProject
Global
	GlobalSection(SolutionConfigurationPlatforms) = preSolution
		Debug|Any CPU = Debug|Any CPU
		Release|Any CPU = Release|Any CPU
	EndGlobalSection
	GlobalSection(ProjectConfigurationPlatforms) = postSolution
		{6BE0EA20-5137-44FE-801E-9F15C41422E4}.Debug|Any CPU.ActiveCfg = Debug|Any CPU
		{6BE0EA20-5137-44FE-801E-9F15C41422E4}.Debug|Any CPU.Build.0 = Debug|Any CPU
		{6BE0EA20-5137-44FE-801E-9F15C41422E4}.Release|Any CPU.ActiveCfg = Release|Any CPU
		{6BE0EA20-5137-44FE-801E-9F15C41422E4}.Release|Any CPU.Build.0 = Release|Any CPU
		{2C9CF062-0FF8-4084-9EF8-47869E21DB61}.Debug|Any CPU.ActiveCfg = Debug|Any CPU
		{2C9CF062-0FF8-4084-9EF8-47869E21DB61}.Debug|Any CPU.Build.0 = Debug|Any CPU
		{2C9CF062-0FF8-4084-9EF8-47869E21DB61}.Release|Any CPU.ActiveCfg = Release|Any CPU
		{2C9CF062-0FF8-4084-9EF8-47869E21DB61}.Release|Any CPU.Build.0 = Release|Any CPU
		{162446DF-CA85-4696-8822-3566F96E14DF}.Debug|Any CPU.ActiveCfg = Debug|Any CPU
		{162446DF-CA85-4696-8822-3566F96E14DF}.Debug|Any CPU.Build.0 = Debug|Any CPU
		{162446DF-CA85-4696-8822-3566F96E14DF}.Release|Any CPU.ActiveCfg = Release|Any CPU
		{162446DF-CA85-4696-8822-3566F96E14DF}.Release|Any CPU.Build.0 = Release|Any CPU
		{B911F8AB-1B84-471A-B447-A295A136C7EF}.Debug|Any CPU.ActiveCfg = Debug|Any CPU
		{B911F8AB-1B84-471A-B447-A295A136C7EF}.Debug|Any CPU.Build.0 = Debug|Any CPU
		{B911F8AB-1B84-471A-B447-A295A136C7EF}.Release|Any CPU.ActiveCfg = Release|Any CPU
		{B911F8AB-1B84-471A-B447-A295A136C7EF}.Release|Any CPU.Build.0 = Release|Any CPU
		{6E095D4B-1FCC-40CE-AF65-AB3510A96123}.Debug|Any CPU.ActiveCfg = Debug|Any CPU
		{6E095D4B-1FCC-40CE-AF65-AB3510A96123}.Debug|Any CPU.Build.0 = Debug|Any CPU
		{6E095D4B-1FCC-40CE-AF65-AB3510A96123}.Release|Any CPU.ActiveCfg = Release|Any CPU
		{6E095D4B-1FCC-40CE-AF65-AB3510A96123}.Release|Any CPU.Build.0 = Release|Any CPU
	EndGlobalSection
	GlobalSection(SolutionProperties) = preSolution
		HideSolutionNode = FALSE
	EndGlobalSection
	GlobalSection(NestedProjects) = preSolution
		{6BE0EA20-5137-44FE-801E-9F15C41422E4} = {ABFEBAB8-4701-44A5-A627-732938F858B6}
		{2C9CF062-0FF8-4084-9EF8-47869E21DB61} = {5E9E594C-E387-4D86-A4F4-1B5227DE25FF}
		{162446DF-CA85-4696-8822-3566F96E14DF} = {5E9E594C-E387-4D86-A4F4-1B5227DE25FF}
		{B911F8AB-1B84-471A-B447-A295A136C7EF} = {5E9E594C-E387-4D86-A4F4-1B5227DE25FF}
		{6E095D4B-1FCC-40CE-AF65-AB3510A96123} = {5E9E594C-E387-4D86-A4F4-1B5227DE25FF}
	EndGlobalSection
EndGlobal
